<?xml version="1.0" encoding="utf-8"?>
<Project ToolsVersion="4.0" xmlns="http://schemas.microsoft.com/developer/msbuild/2003">
  <ItemGroup>
    <ClCompile Include="App.cpp" />
    <ClCompile Include="pch.cpp" />
    <ClCompile Include="DeviceResources.cpp">
      <Filter>Common</Filter>
    </ClCompile>
    <ClCompile Include="Main.cpp" />
    <ClCompile Include="Sample3DSceneRenderer.cpp">
      <Filter>Simple Cube</Filter>
    </ClCompile>
    <ClCompile Include="SampleFpsTextRenderer.cpp">
      <Filter>Simple Cube</Filter>
    </ClCompile>
    <ClCompile Include="MoveLookController.cpp">
      <Filter>Input</Filter>
    </ClCompile>
    <ClCompile Include="SphereRenderer.cpp">
      <Filter>Sphere</Filter>
    </ClCompile>
    <ClCompile Include="SimulationRenderer.cpp">
      <Filter>Simulation</Filter>
    </ClCompile>
    <ClCompile Include="Atom.cpp">
      <Filter>Simulation\Atoms</Filter>
    </ClCompile>
    <ClCompile Include="Hydrogen.cpp">
      <Filter>Simulation\Atoms</Filter>
    </ClCompile>
    <ClCompile Include="Simulation.cpp">
      <Filter>Simulation</Filter>
    </ClCompile>
    <ClCompile Include="Electron.cpp">
      <Filter>Simulation\Atoms</Filter>
    </ClCompile>
    <ClCompile Include="Layout.cpp">
      <Filter>Layout</Filter>
    </ClCompile>
    <ClCompile Include="Pane.cpp">
      <Filter>Layout</Filter>
    </ClCompile>
    <ClCompile Include="Menu.cpp">
      <Filter>Menu</Filter>
    </ClCompile>
    <ClCompile Include="Control.cpp">
      <Filter>Menu\Controls</Filter>
    </ClCompile>
    <ClCompile Include="TextBox.cpp">
      <Filter>Menu\Controls</Filter>
    </ClCompile>
    <ClCompile Include="FontFamilyHelper.cpp">
      <Filter>Menu\Controls\HelperClasses</Filter>
    </ClCompile>
    <ClCompile Include="Button.cpp">
      <Filter>Menu\Controls</Filter>
    </ClCompile>
    <ClCompile Include="ButtonClickEventArgs.cpp">
      <Filter>Menu\Controls\Events</Filter>
    </ClCompile>
    <ClCompile Include="EventArgs.cpp">
      <Filter>Menu\Controls\Events</Filter>
    </ClCompile>
    <ClCompile Include="Slider.cpp">
      <Filter>Menu\Controls</Filter>
    </ClCompile>
    <ClCompile Include="SphereMesh.cpp">
      <Filter>Simulation\Meshes</Filter>
    </ClCompile>
    <ClCompile Include="Helium.cpp">
      <Filter>Simulation\Atoms</Filter>
    </ClCompile>
    <ClCompile Include="AtomGenerator.cpp">
      <Filter>Simulation</Filter>
    </ClCompile>
    <ClCompile Include="Lithium.cpp">
      <Filter>Simulation\Atoms</Filter>
    </ClCompile>
    <ClCompile Include="Beryllium.cpp">
      <Filter>Simulation\Atoms</Filter>
    </ClCompile>
    <ClCompile Include="Boron.cpp">
      <Filter>Simulation\Atoms</Filter>
    </ClCompile>
    <ClCompile Include="Carbon.cpp">
      <Filter>Simulation\Atoms</Filter>
    </ClCompile>
    <ClCompile Include="Nitrogen.cpp">
      <Filter>Simulation\Atoms</Filter>
    </ClCompile>
    <ClCompile Include="Oxygen.cpp">
      <Filter>Simulation\Atoms</Filter>
    </ClCompile>
    <ClCompile Include="Flourine.cpp">
      <Filter>Simulation\Atoms</Filter>
    </ClCompile>
    <ClCompile Include="Neon.cpp">
      <Filter>Simulation\Atoms</Filter>
    </ClCompile>
    <ClCompile Include="DropDown.cpp">
      <Filter>Menu\Controls</Filter>
    </ClCompile>
  </ItemGroup>
  <ItemGroup>
    <ClInclude Include="pch.h" />
    <ClInclude Include="DeviceResources.h">
      <Filter>Common</Filter>
    </ClInclude>
    <ClInclude Include="Main.h" />
    <ClInclude Include="StepTimer.h">
      <Filter>Common</Filter>
    </ClInclude>
    <ClInclude Include="DirectXHelper.h">
      <Filter>Common</Filter>
    </ClInclude>
    <ClInclude Include="Sample3DSceneRenderer.h">
      <Filter>Simple Cube</Filter>
    </ClInclude>
    <ClInclude Include="ShaderStructures.h">
      <Filter>Simple Cube</Filter>
    </ClInclude>
    <ClInclude Include="SampleFpsTextRenderer.h">
      <Filter>Simple Cube</Filter>
    </ClInclude>
    <ClInclude Include="MoveLookController.h">
      <Filter>Input</Filter>
    </ClInclude>
    <ClInclude Include="SphereRenderer.h">
      <Filter>Sphere</Filter>
    </ClInclude>
    <ClInclude Include="SimulationRenderer.h">
      <Filter>Simulation</Filter>
    </ClInclude>
    <ClInclude Include="Atom.h">
      <Filter>Simulation\Atoms</Filter>
    </ClInclude>
    <ClInclude Include="Hydrogen.h">
      <Filter>Simulation\Atoms</Filter>
    </ClInclude>
    <ClInclude Include="Simulation.h">
      <Filter>Simulation</Filter>
    </ClInclude>
    <ClInclude Include="Enums.h">
      <Filter>Simulation</Filter>
    </ClInclude>
    <ClInclude Include="HLSLStructures.h">
      <Filter>Simulation</Filter>
    </ClInclude>
    <ClInclude Include="Electron.h">
      <Filter>Simulation\Atoms</Filter>
    </ClInclude>
    <ClInclude Include="Layout.h">
      <Filter>Layout</Filter>
    </ClInclude>
    <ClInclude Include="Pane.h">
      <Filter>Layout</Filter>
    </ClInclude>
    <ClInclude Include="Menu.h">
      <Filter>Menu</Filter>
    </ClInclude>
    <ClInclude Include="Control.h">
      <Filter>Menu\Controls</Filter>
    </ClInclude>
    <ClInclude Include="TextBox.h">
      <Filter>Menu\Controls</Filter>
    </ClInclude>
    <ClInclude Include="FontFamilyHelper.h">
      <Filter>Menu\Controls\HelperClasses</Filter>
    </ClInclude>
    <ClInclude Include="Button.h">
      <Filter>Menu\Controls</Filter>
    </ClInclude>
    <ClInclude Include="ButtonClickEventArgs.h">
      <Filter>Menu\Controls\Events</Filter>
    </ClInclude>
    <ClInclude Include="EventArgs.h">
      <Filter>Menu\Controls\Events</Filter>
    </ClInclude>
    <ClInclude Include="Slider.h">
      <Filter>Menu\Controls</Filter>
    </ClInclude>
    <ClInclude Include="SphereMesh.h">
      <Filter>Simulation\Meshes</Filter>
    </ClInclude>
    <ClInclude Include="Helium.h">
      <Filter>Simulation\Atoms</Filter>
    </ClInclude>
    <ClInclude Include="AtomGenerator.h">
      <Filter>Simulation</Filter>
    </ClInclude>
    <ClInclude Include="Constants.h">
      <Filter>Simulation</Filter>
    </ClInclude>
    <ClInclude Include="Lithium.h">
      <Filter>Simulation\Atoms</Filter>
    </ClInclude>
    <ClInclude Include="Elements.h">
      <Filter>Simulation</Filter>
    </ClInclude>
    <ClInclude Include="Beryllium.h">
      <Filter>Simulation\Atoms</Filter>
    </ClInclude>
    <ClInclude Include="Boron.h">
      <Filter>Simulation\Atoms</Filter>
    </ClInclude>
    <ClInclude Include="Carbon.h">
      <Filter>Simulation\Atoms</Filter>
    </ClInclude>
    <ClInclude Include="Nitrogen.h">
      <Filter>Simulation\Atoms</Filter>
    </ClInclude>
    <ClInclude Include="Oxygen.h">
      <Filter>Simulation\Atoms</Filter>
    </ClInclude>
    <ClInclude Include="Flourine.h">
      <Filter>Simulation\Atoms</Filter>
    </ClInclude>
    <ClInclude Include="Neon.h">
      <Filter>Simulation\Atoms</Filter>
    </ClInclude>
    <ClInclude Include="DropDown.h">
      <Filter>Menu\Controls</Filter>
    </ClInclude>
    <ClInclude Include="Theme.h">
      <Filter>Menu</Filter>
    </ClInclude>
  </ItemGroup>
  <ItemGroup>
    <Image Include="Assets\Wide310x150Logo.scale-200.png">
      <Filter>Assets</Filter>
    </Image>
    <Image Include="Assets\StoreLogo.png">
      <Filter>Assets</Filter>
    </Image>
    <Image Include="Assets\Square150x150Logo.scale-200.png">
      <Filter>Assets</Filter>
    </Image>
    <Image Include="Assets\Square44x44Logo.targetsize-24_altform-unplated.png">
      <Filter>Assets</Filter>
    </Image>
    <Image Include="Assets\Square44x44Logo.scale-200.png">
      <Filter>Assets</Filter>
    </Image>
    <Image Include="Assets\SplashScreen.scale-200.png">
      <Filter>Assets</Filter>
    </Image>
    <Image Include="Assets\LockScreenLogo.scale-200.png">
      <Filter>Assets</Filter>
    </Image>
  </ItemGroup>
  <ItemGroup>
    <AppxManifest Include="Package.appxmanifest" />
  </ItemGroup>
  <ItemGroup>
    <Filter Include="Assets">
      <UniqueIdentifier>{db9086fe-bacc-4437-8272-1aa6642082db}</UniqueIdentifier>
    </Filter>
    <Filter Include="Common">
      <UniqueIdentifier>{48a8d7dd-0431-4be2-94e2-eb888bdfea2c}</UniqueIdentifier>
    </Filter>
    <Filter Include="Input">
      <UniqueIdentifier>{2ab578c5-f5f5-401f-8ee6-b46a6be9563f}</UniqueIdentifier>
    </Filter>
    <Filter Include="Simple Cube">
      <UniqueIdentifier>{aa0f27aa-9ffc-416d-9e2d-ffca33402099}</UniqueIdentifier>
    </Filter>
    <Filter Include="Sphere">
      <UniqueIdentifier>{e89d5703-234b-4a86-9545-b44a0d793b5e}</UniqueIdentifier>
    </Filter>
    <Filter Include="Simulation">
      <UniqueIdentifier>{844de79c-2459-402b-b1ea-0464879162a2}</UniqueIdentifier>
    </Filter>
    <Filter Include="Simulation\Shaders">
      <UniqueIdentifier>{e4e0f8ed-a287-4c8e-84f6-8dd2d8bfd9b4}</UniqueIdentifier>
    </Filter>
    <Filter Include="Layout">
      <UniqueIdentifier>{27b3b9f8-fb5f-492c-8fa2-428ff7376aaa}</UniqueIdentifier>
    </Filter>
    <Filter Include="Menu">
      <UniqueIdentifier>{d5ed07ef-c127-4b3a-9748-4ae952fc3892}</UniqueIdentifier>
    </Filter>
    <Filter Include="Menu\Controls">
      <UniqueIdentifier>{3ef7d1aa-42bf-4c22-a7dd-49f2ddda9925}</UniqueIdentifier>
    </Filter>
    <Filter Include="Menu\Controls\HelperClasses">
      <UniqueIdentifier>{92a8b550-5e63-4614-a89a-a952f8ee38d0}</UniqueIdentifier>
    </Filter>
    <Filter Include="Menu\Controls\Events">
      <UniqueIdentifier>{35cf9f95-84b4-425a-a7ea-58fea1fc6c77}</UniqueIdentifier>
    </Filter>
    <Filter Include="Simulation\Meshes">
      <UniqueIdentifier>{e9655a18-ad0a-408f-9177-0499f8dd3878}</UniqueIdentifier>
    </Filter>
    <Filter Include="Simulation\Atoms">
      <UniqueIdentifier>{e63de2e4-64cf-44e3-a39c-972994ecb8cb}</UniqueIdentifier>
    </Filter>
  </ItemGroup>
  <ItemGroup>
    <None Include="PropertySheet.props" />
    <None Include="packages.config" />
  </ItemGroup>
  <ItemGroup>
    <Text Include="readme.txt" />
  </ItemGroup>
  <ItemGroup>
    <FxCompile Include="SamplePixelShader.hlsl">
      <Filter>Simple Cube</Filter>
    </FxCompile>
    <FxCompile Include="SampleVertexShader.hlsl">
      <Filter>Simple Cube</Filter>
    </FxCompile>
    <FxCompile Include="SphereVertexShader.hlsl">
      <Filter>Sphere</Filter>
    </FxCompile>
    <FxCompile Include="SpherePixelShader.hlsl">
      <Filter>Sphere</Filter>
    </FxCompile>
    <FxCompile Include="MyVertexShader.hlsl">
      <Filter>Simulation\Shaders</Filter>
    </FxCompile>
    <FxCompile Include="MyPixelShader.hlsl">
      <Filter>Simulation\Shaders</Filter>
    </FxCompile>
  </ItemGroup>
</Project>